# This file is automatically @generated by Cargo.
# It is not intended for manual editing.
version = 3

[[package]]
name = "archivis-api"
version = "0.1.0"

[[package]]
name = "archivis-auth"
version = "0.1.0"

[[package]]
name = "archivis-core"
version = "0.1.0"

[[package]]
name = "archivis-db"
version = "0.1.0"

[[package]]
name = "archivis-formats"
version = "0.1.0"

[[package]]
name = "archivis-metadata"
version = "0.1.0"

[[package]]
name = "archivis-server"
version = "0.1.0"

[[package]]
name = "archivis-storage"
version = "0.1.0"

[[package]]
name = "archivis-tasks"
version = "0.1.0"
